
Microsoft Visual Studio Solution File, Format Version 12.00
# Visual Studio Version 17
VisualStudioVersion = 17.2.32317.152
MinimumVisualStudioVersion = 10.0.40219.1
Project("{9A19103F-16F7-4668-BE54-9A1E7A4F7556}") = "FengshuiChecker.Console", "FengshuiChecker\FengshuiChecker.Console.csproj", "{76DD5700-D06B-4E1B-B7C9-57D695CF2C22}"
EndProject
Project("{9A19103F-16F7-4668-BE54-9A1E7A4F7556}") = "FengshuiChecker.UnitTest", "FengshuiChecker.UnitTest\FengshuiChecker.UnitTest.csproj", "{2E7CB453-F5D3-4F90-BA7E-7DCE403F2F7F}"
EndProject
Global
	GlobalSection(SolutionConfigurationPlatforms) = preSolution
		Debug|Any CPU = Debug|Any CPU
		Release|Any CPU = Release|Any CPU
	EndGlobalSection
	GlobalSection(ProjectConfigurationPlatforms) = postSolution
		{76DD5700-D06B-4E1B-B7C9-57D695CF2C22}.Debug|Any CPU.ActiveCfg = Debug|Any CPU
		{76DD5700-D06B-4E1B-B7C9-57D695CF2C22}.Debug|Any CPU.Build.0 = Debug|Any CPU
		{76DD5700-D06B-4E1B-B7C9-57D695CF2C22}.Release|Any CPU.ActiveCfg = Release|Any CPU
		{76DD5700-D06B-4E1B-B7C9-57D695CF2C22}.Release|Any CPU.Build.0 = Release|Any CPU
		{2E7CB453-F5D3-4F90-BA7E-7DCE403F2F7F}.Debug|Any CPU.ActiveCfg = Debug|Any CPU
		{2E7CB453-F5D3-4F90-BA7E-7DCE403F2F7F}.Debug|Any CPU.Build.0 = Debug|Any CPU
		{2E7CB453-F5D3-4F90-BA7E-7DCE403F2F7F}.Release|Any CPU.ActiveCfg = Release|Any CPU
		{2E7CB453-F5D3-4F90-BA7E-7DCE403F2F7F}.Release|Any CPU.Build.0 = Release|Any CPU
	EndGlobalSection
	GlobalSection(SolutionProperties) = preSolution
		HideSolutionNode = FALSE
	EndGlobalSection
	GlobalSection(ExtensibilityGlobals) = postSolution
		SolutionGuid = {E5CE9911-651A-4831-8857-8CF9A440CCEB}
	EndGlobalSection
EndGlobal
